
Microsoft Visual Studio Solution File, Format Version 12.00
# Visual Studio Version 16
VisualStudioVersion = 16.0.31005.135
MinimumVisualStudioVersion = 10.0.40219.1
Project("{D2ABAB84-BF74-430A-B69E-9DC6D40DDA17}") = "Adventure Works OLAP", "Adventure Works OLAP\Adventure Works OLAP.dwproj", "{F109C90D-82D0-4B02-A457-AFB709340277}"
EndProject
Global
	GlobalSection(SolutionConfigurationPlatforms) = preSolution
		Development|Default = Development|Default
	EndGlobalSection
	GlobalSection(ProjectConfigurationPlatforms) = postSolution
		{F109C90D-82D0-4B02-A457-AFB709340277}.Development|Default.ActiveCfg = Development
		{F109C90D-82D0-4B02-A457-AFB709340277}.Development|Default.Build.0 = Development
		{F109C90D-82D0-4B02-A457-AFB709340277}.Development|Default.Deploy.0 = Development
	EndGlobalSection
	GlobalSection(SolutionProperties) = preSolution
		HideSolutionNode = FALSE
	EndGlobalSection
	GlobalSection(ExtensibilityGlobals) = postSolution
		SolutionGuid = {EBE7AF73-5B25-4695-8835-0ED2297BCFB1}
	EndGlobalSection
EndGlobal
